
Microsoft Visual Studio Solution File, Format Version 12.00
# Visual Studio Version 16
VisualStudioVersion = 16.0.31112.23
MinimumVisualStudioVersion = 10.0.40219.1
Project("{888888A0-9F3D-457C-B088-3A5042F75D52}") = "B-2 Sport", "B-2 Sport.pyproj", "{BD11D1AE-56AA-4505-BC0F-56787478428A}"
EndProject
Global
	GlobalSection(SolutionConfigurationPlatforms) = preSolution
		Debug|Any CPU = Debug|Any CPU
		Release|Any CPU = Release|Any CPU
	EndGlobalSection
	GlobalSection(ProjectConfigurationPlatforms) = postSolution
		{BD11D1AE-56AA-4505-BC0F-56787478428A}.Debug|Any CPU.ActiveCfg = Debug|Any CPU
		{BD11D1AE-56AA-4505-BC0F-56787478428A}.Release|Any CPU.ActiveCfg = Release|Any CPU
	EndGlobalSection
	GlobalSection(SolutionProperties) = preSolution
		HideSolutionNode = FALSE
	EndGlobalSection
	GlobalSection(ExtensibilityGlobals) = postSolution
		SolutionGuid = {75974ABB-4198-41DE-93CF-1557E4C98D94}
	EndGlobalSection
EndGlobal
